
Microsoft Visual Studio Solution File, Format Version 12.00
# Visual Studio Version 16
VisualStudioVersion = 16.0.30907.101
MinimumVisualStudioVersion = 10.0.40219.1
Project("{FAE04EC0-301F-11D3-BF4B-00C04F79EFBC}") = "PrimerProyectoGit", "PrimerProyectoGit\PrimerProyectoGit.csproj", "{4196E42F-37DF-41CF-ADE0-56A9C4008F60}"
EndProject
Global
	GlobalSection(SolutionConfigurationPlatforms) = preSolution
		Debug|Any CPU = Debug|Any CPU
		Release|Any CPU = Release|Any CPU
	EndGlobalSection
	GlobalSection(ProjectConfigurationPlatforms) = postSolution
		{4196E42F-37DF-41CF-ADE0-56A9C4008F60}.Debug|Any CPU.ActiveCfg = Debug|Any CPU
		{4196E42F-37DF-41CF-ADE0-56A9C4008F60}.Debug|Any CPU.Build.0 = Debug|Any CPU
		{4196E42F-37DF-41CF-ADE0-56A9C4008F60}.Release|Any CPU.ActiveCfg = Release|Any CPU
		{4196E42F-37DF-41CF-ADE0-56A9C4008F60}.Release|Any CPU.Build.0 = Release|Any CPU
	EndGlobalSection
	GlobalSection(SolutionProperties) = preSolution
		HideSolutionNode = FALSE
	EndGlobalSection
	GlobalSection(ExtensibilityGlobals) = postSolution
		SolutionGuid = {644CA042-180E-4F68-8B35-DC01F5B76D78}
	EndGlobalSection
EndGlobal
